
Microsoft Visual Studio Solution File, Format Version 12.00
# Visual Studio Version 16
VisualStudioVersion = 16.0.33214.272
MinimumVisualStudioVersion = 10.0.40219.1
Project("{FAE04EC0-301F-11D3-BF4B-00C04F79EFBC}") = "biblio_BDD_personel", "biblioBDDpersonel\biblio_BDD_personel.csproj", "{715DE3FD-D2B6-4B26-B757-E382531D90D9}"
EndProject
Project("{FAE04EC0-301F-11D3-BF4B-00C04F79EFBC}") = "appli_BDD_personel", "appliBDDpersonel\appli_BDD_personel.csproj", "{F121BF87-CCD9-41CE-A162-8A6EB1CDA90B}"
EndProject
Global
	GlobalSection(SolutionConfigurationPlatforms) = preSolution
		Debug|Any CPU = Debug|Any CPU
		Release|Any CPU = Release|Any CPU
	EndGlobalSection
	GlobalSection(ProjectConfigurationPlatforms) = postSolution
		{715DE3FD-D2B6-4B26-B757-E382531D90D9}.Debug|Any CPU.ActiveCfg = Debug|Any CPU
		{715DE3FD-D2B6-4B26-B757-E382531D90D9}.Debug|Any CPU.Build.0 = Debug|Any CPU
		{715DE3FD-D2B6-4B26-B757-E382531D90D9}.Release|Any CPU.ActiveCfg = Release|Any CPU
		{715DE3FD-D2B6-4B26-B757-E382531D90D9}.Release|Any CPU.Build.0 = Release|Any CPU
		{F121BF87-CCD9-41CE-A162-8A6EB1CDA90B}.Debug|Any CPU.ActiveCfg = Debug|Any CPU
		{F121BF87-CCD9-41CE-A162-8A6EB1CDA90B}.Debug|Any CPU.Build.0 = Debug|Any CPU
		{F121BF87-CCD9-41CE-A162-8A6EB1CDA90B}.Release|Any CPU.ActiveCfg = Release|Any CPU
		{F121BF87-CCD9-41CE-A162-8A6EB1CDA90B}.Release|Any CPU.Build.0 = Release|Any CPU
	EndGlobalSection
	GlobalSection(SolutionProperties) = preSolution
		HideSolutionNode = FALSE
	EndGlobalSection
	GlobalSection(ExtensibilityGlobals) = postSolution
		SolutionGuid = {A35F766B-53FA-493F-809F-239990D769B0}
	EndGlobalSection
EndGlobal
